
Microsoft Visual Studio Solution File, Format Version 12.00
# Visual Studio Version 16
VisualStudioVersion = 16.0.31005.135
MinimumVisualStudioVersion = 10.0.40219.1
Project("{FAE04EC0-301F-11D3-BF4B-00C04F79EFBC}") = "PersonalCSharpProject", "PersonalCSharpProject\PersonalCSharpProject.csproj", "{A7113B1D-B298-4F44-BFE0-B75C1BE5FA09}"
EndProject
Global
	GlobalSection(SolutionConfigurationPlatforms) = preSolution
		Debug|Any CPU = Debug|Any CPU
		Release|Any CPU = Release|Any CPU
	EndGlobalSection
	GlobalSection(ProjectConfigurationPlatforms) = postSolution
		{A7113B1D-B298-4F44-BFE0-B75C1BE5FA09}.Debug|Any CPU.ActiveCfg = Debug|Any CPU
		{A7113B1D-B298-4F44-BFE0-B75C1BE5FA09}.Debug|Any CPU.Build.0 = Debug|Any CPU
		{A7113B1D-B298-4F44-BFE0-B75C1BE5FA09}.Release|Any CPU.ActiveCfg = Release|Any CPU
		{A7113B1D-B298-4F44-BFE0-B75C1BE5FA09}.Release|Any CPU.Build.0 = Release|Any CPU
	EndGlobalSection
	GlobalSection(SolutionProperties) = preSolution
		HideSolutionNode = FALSE
	EndGlobalSection
	GlobalSection(ExtensibilityGlobals) = postSolution
		SolutionGuid = {A77E3701-18E5-4452-9B7F-3F31E724032B}
	EndGlobalSection
EndGlobal
